
Microsoft Visual Studio Solution File, Format Version 12.00
# Visual Studio 14
VisualStudioVersion = 14.0.23107.0
MinimumVisualStudioVersion = 10.0.40219.1
Project("{2150E333-8FDC-42A3-9474-1A3956D46DE8}") = "src", "src", "{1071EF9F-A624-426E-86C9-82EC9BE7DA04}"
EndProject
Project("{2150E333-8FDC-42A3-9474-1A3956D46DE8}") = "Solution Items", "Solution Items", "{14AB9F8C-0066-473D-88CD-269D3CFB752A}"
	ProjectSection(SolutionItems) = preProject
		global.json = global.json
	EndProjectSection
EndProject
Project("{8BB2217D-0F2D-49D1-97BC-3654ED321F3B}") = "ParticleSwarmOptimisationConsole", "src\ParticleSwarmOptimisationConsole\ParticleSwarmOptimisationConsole.xproj", "{79F62D1F-9CCD-4B3D-865D-7ED43DF0971C}"
EndProject
Project("{8BB2217D-0F2D-49D1-97BC-3654ED321F3B}") = "ParticleSwarmOptimisation", "src\ParticleSwarmOptimisation\ParticleSwarmOptimisation.xproj", "{3E66079C-A448-4204-941D-00F5216923EA}"
EndProject
Global
	GlobalSection(SolutionConfigurationPlatforms) = preSolution
		Debug|Any CPU = Debug|Any CPU
		Release|Any CPU = Release|Any CPU
	EndGlobalSection
	GlobalSection(ProjectConfigurationPlatforms) = postSolution
		{79F62D1F-9CCD-4B3D-865D-7ED43DF0971C}.Debug|Any CPU.ActiveCfg = Debug|Any CPU
		{79F62D1F-9CCD-4B3D-865D-7ED43DF0971C}.Debug|Any CPU.Build.0 = Debug|Any CPU
		{79F62D1F-9CCD-4B3D-865D-7ED43DF0971C}.Release|Any CPU.ActiveCfg = Release|Any CPU
		{79F62D1F-9CCD-4B3D-865D-7ED43DF0971C}.Release|Any CPU.Build.0 = Release|Any CPU
		{3E66079C-A448-4204-941D-00F5216923EA}.Debug|Any CPU.ActiveCfg = Debug|Any CPU
		{3E66079C-A448-4204-941D-00F5216923EA}.Debug|Any CPU.Build.0 = Debug|Any CPU
		{3E66079C-A448-4204-941D-00F5216923EA}.Release|Any CPU.ActiveCfg = Release|Any CPU
		{3E66079C-A448-4204-941D-00F5216923EA}.Release|Any CPU.Build.0 = Release|Any CPU
	EndGlobalSection
	GlobalSection(SolutionProperties) = preSolution
		HideSolutionNode = FALSE
	EndGlobalSection
	GlobalSection(NestedProjects) = preSolution
		{79F62D1F-9CCD-4B3D-865D-7ED43DF0971C} = {1071EF9F-A624-426E-86C9-82EC9BE7DA04}
		{3E66079C-A448-4204-941D-00F5216923EA} = {1071EF9F-A624-426E-86C9-82EC9BE7DA04}
	EndGlobalSection
EndGlobal
