
Microsoft Visual Studio Solution File, Format Version 12.00
# Visual Studio 14
VisualStudioVersion = 14.0.25420.1
MinimumVisualStudioVersion = 10.0.40219.1
Project("{2150E333-8FDC-42A3-9474-1A3956D46DE8}") = "src", "src", "{1071EF9F-A624-426E-86C9-82EC9BE7DA04}"
EndProject
Project("{FAE04EC0-301F-11D3-BF4B-00C04F79EFBC}") = "PopulationOptimisation", "src\PopulationOptimisation\PopulationOptimisation.csproj", "{8D0FFEDA-5373-4990-94C9-70811FF4C546}"
EndProject
Project("{FAE04EC0-301F-11D3-BF4B-00C04F79EFBC}") = "Optimiser", "src\Optimiser\Optimiser.csproj", "{547D4F08-989B-4733-A765-07A8A9E883F3}"
EndProject
Project("{FAE04EC0-301F-11D3-BF4B-00C04F79EFBC}") = "ParticleSwarmOptimisationConsole", "src\ParticleSwarmOptimisationConsole\ParticleSwarmOptimisationConsole.csproj", "{55F4E654-6268-46C1-87B6-AB370D6DE9C9}"
EndProject
Project("{2150E333-8FDC-42A3-9474-1A3956D46DE8}") = "test", "test", "{E564C08F-EC49-4DB1-AC54-EDC960D41E1D}"
EndProject
Project("{FAE04EC0-301F-11D3-BF4B-00C04F79EFBC}") = "OptimiserTests", "tests\OptimiserTests\OptimiserTests.csproj", "{4F2B2686-008C-46B8-BE66-3B638A4D38AA}"
EndProject
Global
	GlobalSection(SolutionConfigurationPlatforms) = preSolution
		Debug|Any CPU = Debug|Any CPU
		Release|Any CPU = Release|Any CPU
	EndGlobalSection
	GlobalSection(ProjectConfigurationPlatforms) = postSolution
		{8D0FFEDA-5373-4990-94C9-70811FF4C546}.Debug|Any CPU.ActiveCfg = Debug|Any CPU
		{8D0FFEDA-5373-4990-94C9-70811FF4C546}.Debug|Any CPU.Build.0 = Debug|Any CPU
		{8D0FFEDA-5373-4990-94C9-70811FF4C546}.Release|Any CPU.ActiveCfg = Release|Any CPU
		{8D0FFEDA-5373-4990-94C9-70811FF4C546}.Release|Any CPU.Build.0 = Release|Any CPU
		{547D4F08-989B-4733-A765-07A8A9E883F3}.Debug|Any CPU.ActiveCfg = Debug|Any CPU
		{547D4F08-989B-4733-A765-07A8A9E883F3}.Debug|Any CPU.Build.0 = Debug|Any CPU
		{547D4F08-989B-4733-A765-07A8A9E883F3}.Release|Any CPU.ActiveCfg = Release|Any CPU
		{547D4F08-989B-4733-A765-07A8A9E883F3}.Release|Any CPU.Build.0 = Release|Any CPU
		{55F4E654-6268-46C1-87B6-AB370D6DE9C9}.Debug|Any CPU.ActiveCfg = Debug|Any CPU
		{55F4E654-6268-46C1-87B6-AB370D6DE9C9}.Debug|Any CPU.Build.0 = Debug|Any CPU
		{55F4E654-6268-46C1-87B6-AB370D6DE9C9}.Release|Any CPU.ActiveCfg = Release|Any CPU
		{55F4E654-6268-46C1-87B6-AB370D6DE9C9}.Release|Any CPU.Build.0 = Release|Any CPU
		{4F2B2686-008C-46B8-BE66-3B638A4D38AA}.Debug|Any CPU.ActiveCfg = Debug|Any CPU
		{4F2B2686-008C-46B8-BE66-3B638A4D38AA}.Debug|Any CPU.Build.0 = Debug|Any CPU
		{4F2B2686-008C-46B8-BE66-3B638A4D38AA}.Release|Any CPU.ActiveCfg = Release|Any CPU
		{4F2B2686-008C-46B8-BE66-3B638A4D38AA}.Release|Any CPU.Build.0 = Release|Any CPU
	EndGlobalSection
	GlobalSection(SolutionProperties) = preSolution
		HideSolutionNode = FALSE
	EndGlobalSection
	GlobalSection(NestedProjects) = preSolution
		{8D0FFEDA-5373-4990-94C9-70811FF4C546} = {1071EF9F-A624-426E-86C9-82EC9BE7DA04}
		{547D4F08-989B-4733-A765-07A8A9E883F3} = {1071EF9F-A624-426E-86C9-82EC9BE7DA04}
		{55F4E654-6268-46C1-87B6-AB370D6DE9C9} = {1071EF9F-A624-426E-86C9-82EC9BE7DA04}
		{4F2B2686-008C-46B8-BE66-3B638A4D38AA} = {E564C08F-EC49-4DB1-AC54-EDC960D41E1D}
	EndGlobalSection
EndGlobal
